
Microsoft Visual Studio Solution File, Format Version 12.00
# Visual Studio Version 16
VisualStudioVersion = 16.0.30204.135
MinimumVisualStudioVersion = 10.0.40219.1
Project("{FAE04EC0-301F-11D3-BF4B-00C04F79EFBC}") = "WebApplication2", "WebApplication2\WebApplication2.csproj", "{D465D10A-418A-4BD4-B72F-70874ADFFF25}"
EndProject
Global
	GlobalSection(SolutionConfigurationPlatforms) = preSolution
		Debug|Any CPU = Debug|Any CPU
		Release|Any CPU = Release|Any CPU
	EndGlobalSection
	GlobalSection(ProjectConfigurationPlatforms) = postSolution
		{D465D10A-418A-4BD4-B72F-70874ADFFF25}.Debug|Any CPU.ActiveCfg = Debug|Any CPU
		{D465D10A-418A-4BD4-B72F-70874ADFFF25}.Debug|Any CPU.Build.0 = Debug|Any CPU
		{D465D10A-418A-4BD4-B72F-70874ADFFF25}.Release|Any CPU.ActiveCfg = Release|Any CPU
		{D465D10A-418A-4BD4-B72F-70874ADFFF25}.Release|Any CPU.Build.0 = Release|Any CPU
	EndGlobalSection
	GlobalSection(SolutionProperties) = preSolution
		HideSolutionNode = FALSE
	EndGlobalSection
	GlobalSection(ExtensibilityGlobals) = postSolution
		SolutionGuid = {8E1BBFCD-17F7-4DED-A73D-1E81725B4341}
	EndGlobalSection
EndGlobal
